<?xml version="1.0" encoding="utf-8"?>
<Project ToolsVersion="4.0" xmlns="http://schemas.microsoft.com/developer/msbuild/2003">
  <ItemGroup>
    <Filter Include="Source Files">
      <UniqueIdentifier>{3176cadc-6190-4d8b-a102-dda9c8394475}</UniqueIdentifier>
      <Extensions>cpp;c;cxx;rc;def;r;odl;idl;hpj;bat;f90;for;f;fpp</Extensions>
    </Filter>
    <Filter Include="Header Files">
      <UniqueIdentifier>{ede37e2c-90c5-4ccf-ac4f-75a320845a8d}</UniqueIdentifier>
      <Extensions>h;hpp;hxx;hm;inl;fi;fd</Extensions>
    </Filter>
    <Filter Include="Resource Files">
      <UniqueIdentifier>{56521767-d849-4703-be02-ba2ef221d7ff}</UniqueIdentifier>
      <Extensions>ico;cur;bmp;dlg;rc2;rct;bin;rgs;gif;jpg;jpeg;jpe</Extensions>
    </Filter>
  </ItemGroup>
  <ItemGroup>
    <CustomBuild Include="..\..\topnetcodes\AllocateWaterToUsers.f90">
      <Filter>Source Files</Filter>
    </CustomBuild>
    <CustomBuild Include="..\..\topnetcodes\Append_To_Output_Tables.f90">
      <Filter>Source Files</Filter>
    </CustomBuild>
    <CustomBuild Include="..\..\topnetcodes\AssignDrainageFlows.f90">
      <Filter>Source Files</Filter>
    </CustomBuild>
    <CustomBuild Include="..\..\topnetcodes\AssignPriorityOrder.f90">
      <Filter>Source Files</Filter>
    </CustomBuild>
    <CustomBuild Include="..\..\topnetcodes\BalanceFlowsAtReservoirs.f90">
      <Filter>Source Files</Filter>
    </CustomBuild>
    <CustomBuild Include="..\..\topnetcodes\BalanceFlowsAtStreamNodes.f90">
      <Filter>Source Files</Filter>
    </CustomBuild>
    <CustomBuild Include="..\..\topnetcodes\BuildDrainageOrder.f90">
      <Filter>Source Files</Filter>
    </CustomBuild>
    <CustomBuild Include="..\..\topnetcodes\BuildLinkStructure.f90">
      <Filter>Source Files</Filter>
    </CustomBuild>
    <CustomBuild Include="..\..\topnetcodes\BuildNodeStructure.f90">
      <Filter>Source Files</Filter>
    </CustomBuild>
    <CustomBuild Include="..\..\topnetcodes\CalculateDemand.f90">
      <Filter>Source Files</Filter>
    </CustomBuild>
    <CustomBuild Include="..\..\topnetcodes\calv46sn_v7.f">
      <Filter>Source Files</Filter>
    </CustomBuild>
    <CustomBuild Include="..\..\topnetcodes\Data_Read.f90">
      <Filter>Source Files</Filter>
    </CustomBuild>
    <CustomBuild Include="..\..\topnetcodes\et_v7_fromdave.f">
      <Filter>Source Files</Filter>
    </CustomBuild>
    <CustomBuild Include="..\..\topnetcodes\find.f90">
      <Filter>Source Files</Filter>
    </CustomBuild>
    <CustomBuild Include="..\..\topnetcodes\hydatasn_v7.f">
      <Filter>Source Files</Filter>
    </CustomBuild>
    <CustomBuild Include="..\..\topnetcodes\ImposeMeasuredFlows.f90">
      <Filter>Source Files</Filter>
    </CustomBuild>
    <CustomBuild Include="..\..\topnetcodes\indepth1_v7.f">
      <Filter>Source Files</Filter>
    </CustomBuild>
    <CustomBuild Include="..\..\topnetcodes\Initialise_Output_Tables.f90">
      <Filter>Source Files</Filter>
    </CustomBuild>
    <CustomBuild Include="..\..\topnetcodes\mddata_v10_7.f">
      <Filter>Source Files</Filter>
    </CustomBuild>
    <CustomBuild Include="..\..\topnetcodes\MIC.FOR">
      <Filter>Source Files</Filter>
    </CustomBuild>
    <CustomBuild Include="..\..\topnetcodes\modules.f90">
      <Filter>Source Files</Filter>
    </CustomBuild>
    <CustomBuild Include="..\..\topnetcodes\newt.for">
      <Filter>Source Files</Filter>
    </CustomBuild>
    <CustomBuild Include="..\..\topnetcodes\PropagateWaterViaUser.f90">
      <Filter>Source Files</Filter>
    </CustomBuild>
    <CustomBuild Include="..\..\topnetcodes\PTRATE.FOR">
      <Filter>Source Files</Filter>
    </CustomBuild>
    <CustomBuild Include="..\..\topnetcodes\read_inputs.f90">
      <Filter>Source Files</Filter>
    </CustomBuild>
    <CustomBuild Include="..\..\topnetcodes\read_struct_from_text.f90">
      <Filter>Source Files</Filter>
    </CustomBuild>
    <CustomBuild Include="..\..\topnetcodes\snowdgtv22.f">
      <Filter>Source Files</Filter>
    </CustomBuild>
    <CustomBuild Include="..\..\topnetcodes\SnowLSub.f">
      <Filter>Source Files</Filter>
    </CustomBuild>
    <CustomBuild Include="..\..\topnetcodes\SnowWrap.f">
      <Filter>Source Files</Filter>
    </CustomBuild>
    <CustomBuild Include="..\..\topnetcodes\snowxv22.f">
      <Filter>Source Files</Filter>
    </CustomBuild>
    <CustomBuild Include="..\..\topnetcodes\top_main_v7.f">
      <Filter>Source Files</Filter>
    </CustomBuild>
    <CustomBuild Include="..\..\topnetcodes\toplim_v7.f">
      <Filter>Source Files</Filter>
    </CustomBuild>
    <CustomBuild Include="..\..\topnetcodes\topmoddgt_v7.f">
      <Filter>Source Files</Filter>
    </CustomBuild>
    <CustomBuild Include="..\..\topnetcodes\watermgmt.f90">
      <Filter>Source Files</Filter>
    </CustomBuild>
    <CustomBuild Include="..\..\topnetcodes\Write_Output_line.f90">
      <Filter>Source Files</Filter>
    </CustomBuild>
    <CustomBuild Include="..\..\topnetcodes\Write_Output_Tables.f90">
      <Filter>Source Files</Filter>
    </CustomBuild>
  </ItemGroup>
</Project>